
Microsoft Visual Studio Solution File, Format Version 12.00
# Visual Studio Version 16
VisualStudioVersion = 16.0.33529.622
MinimumVisualStudioVersion = 10.0.40219.1
Project("{FAE04EC0-301F-11D3-BF4B-00C04F79EFBC}") = "eArchive", "eArchive\eArchive.csproj", "{79A9966A-AEC9-49BB-A903-BEB188C78096}"
EndProject
Global
	GlobalSection(SolutionConfigurationPlatforms) = preSolution
		Debug|Any CPU = Debug|Any CPU
		Release|Any CPU = Release|Any CPU
	EndGlobalSection
	GlobalSection(ProjectConfigurationPlatforms) = postSolution
		{79A9966A-AEC9-49BB-A903-BEB188C78096}.Debug|Any CPU.ActiveCfg = Debug|Any CPU
		{79A9966A-AEC9-49BB-A903-BEB188C78096}.Debug|Any CPU.Build.0 = Debug|Any CPU
		{79A9966A-AEC9-49BB-A903-BEB188C78096}.Release|Any CPU.ActiveCfg = Release|Any CPU
		{79A9966A-AEC9-49BB-A903-BEB188C78096}.Release|Any CPU.Build.0 = Release|Any CPU
	EndGlobalSection
	GlobalSection(SolutionProperties) = preSolution
		HideSolutionNode = FALSE
	EndGlobalSection
	GlobalSection(ExtensibilityGlobals) = postSolution
		SolutionGuid = {7D23EC1E-2A13-4CAF-9806-AE00AB561AB4}
	EndGlobalSection
EndGlobal
